{
  "name": "slidewright-build-week",
  "version": "0.2.1",
  "lockfileVersion": 3,
  "requires": true,
  "packages": {
    "": {
      "name": "slidewright-build-week",
      "version": "0.2.1",
      "license": "MIT",
      "engines": {
        "node": ">=20"
      },
      "peerDependencies": {
        "@oai/artifact-tool": "*"
      },
      "peerDependenciesMeta": {
        "@oai/artifact-tool": {
          "optional": true
        }
      }
    }
  }
}
